{
	"name": "@rocketfuel/core",
	"version": "0.1.0",
	"lockfileVersion": 1,
	"requires": true,
	"dependencies": {
		"@microsoft/applicationinsights-analytics-js": {
			"version": "2.4.4",
			"resolved": "https://registry.npmjs.org/@microsoft/applicationinsights-analytics-js/-/applicationinsights-analytics-js-2.4.4.tgz",
			"integrity": "sha512-qfcBfQXiHvQoOwp6RvoVB+Ebmk2j9fntv5z+MFrX4ZTmKDYctYAb3rj0cD3WRcWKhvzHSxuOo3T8ZR71I7a1Gw==",
			"dev": true,
			"requires": {
				"@microsoft/applicationinsights-common": "2.4.4",
				"@microsoft/applicationinsights-core-js": "2.4.4",
				"tslib": "^1.9.3"
			}
		},
		"@microsoft/applicationinsights-channel-js": {
			"version": "2.4.4",
			"resolved": "https://registry.npmjs.org/@microsoft/applicationinsights-channel-js/-/applicationinsights-channel-js-2.4.4.tgz",
			"integrity": "sha512-p6HcozgX5p7/k0w+XLIU4GxcwaJ46Mx327Htae8IlMDPyy8CA2mjR7FLiPCvYs36phtFzrwIXB7IJdrq+3IcOA==",
			"dev": true,
			"requires": {
				"@microsoft/applicationinsights-common": "2.4.4",
				"@microsoft/applicationinsights-core-js": "2.4.4",
				"tslib": "^1.9.3"
			}
		},
		"@microsoft/applicationinsights-common": {
			"version": "2.4.4",
			"resolved": "https://registry.npmjs.org/@microsoft/applicationinsights-common/-/applicationinsights-common-2.4.4.tgz",
			"integrity": "sha512-l+H6jsVZPAg5Z2bK2wZENdZeMC2BMr3EybiMV7e03AHj8BiOMlsdo5zsih8eL3WfTdDrbY3gggyIN+8fcG0xmA==",
			"dev": true,
			"requires": {
				"@microsoft/applicationinsights-core-js": "2.4.4",
				"tslib": "^1.9.3"
			}
		},
		"@microsoft/applicationinsights-core-js": {
			"version": "2.4.4",
			"resolved": "https://registry.npmjs.org/@microsoft/applicationinsights-core-js/-/applicationinsights-core-js-2.4.4.tgz",
			"integrity": "sha512-5nXv6kVRoarsmjzB/BNOE0/0Fb/CHEk+5hgF57jYXKongr9xadveKAv4VpeGrEdcZOaoYjAq8gJPg4k72f0rTg==",
			"dev": true,
			"requires": {
				"tslib": "^1.9.3"
			}
		},
		"@microsoft/applicationinsights-dependencies-js": {
			"version": "2.4.4",
			"resolved": "https://registry.npmjs.org/@microsoft/applicationinsights-dependencies-js/-/applicationinsights-dependencies-js-2.4.4.tgz",
			"integrity": "sha512-ERCJ6b0nE7UxGkgszGt9+H8YY+5/3Pxtk/rTCQ9bP1NZBqN8KqMAG5QFEaQtHlBI7XhyY63Ubk9Qyiv7TtobPw==",
			"dev": true,
			"requires": {
				"@microsoft/applicationinsights-common": "2.4.4",
				"@microsoft/applicationinsights-core-js": "2.4.4",
				"tslib": "^1.9.3"
			}
		},
		"@microsoft/applicationinsights-properties-js": {
			"version": "2.4.4",
			"resolved": "https://registry.npmjs.org/@microsoft/applicationinsights-properties-js/-/applicationinsights-properties-js-2.4.4.tgz",
			"integrity": "sha512-Yzb3E+3J6QMTe2u5ucffGAMpSzca7Uhb4PT2hwEaqVXUV8XUty7NBswMg1T9Hlh1bT4ve3PqDnIWYwbstkBkDA==",
			"dev": true,
			"requires": {
				"@microsoft/applicationinsights-common": "2.4.4",
				"@microsoft/applicationinsights-core-js": "2.4.4",
				"tslib": "^1.9.3"
			}
		},
		"@microsoft/applicationinsights-web": {
			"version": "2.4.4",
			"resolved": "https://registry.npmjs.org/@microsoft/applicationinsights-web/-/applicationinsights-web-2.4.4.tgz",
			"integrity": "sha512-wfRuUISrdxcxuTENpG8575tImGSg8K71yhDO/ENrdW6pOGnukpz+fOUd6ZgUi6/+BZ1pCbOx9Ic/uZjKmIB4Nw==",
			"dev": true,
			"requires": {
				"@microsoft/applicationinsights-analytics-js": "2.4.4",
				"@microsoft/applicationinsights-channel-js": "2.4.4",
				"@microsoft/applicationinsights-common": "2.4.4",
				"@microsoft/applicationinsights-core-js": "2.4.4",
				"@microsoft/applicationinsights-dependencies-js": "2.4.4",
				"@microsoft/applicationinsights-properties-js": "2.4.4",
				"tslib": "^1.9.3"
			}
		},
		"@types/gl-matrix": {
			"version": "2.4.4",
			"resolved": "https://registry.npmjs.org/@types/gl-matrix/-/gl-matrix-2.4.4.tgz",
			"integrity": "sha512-HyI/bS+CxFiewhtpuwUP9VftvPyImQulBuI9+VEUa5NnGILsuokliq2fFp9DqZsJHbGWxk/VOLwHaXb4vIkKBw==",
			"dev": true
		},
		"@types/howler": {
			"version": "2.1.2",
			"resolved": "https://registry.npmjs.org/@types/howler/-/howler-2.1.2.tgz",
			"integrity": "sha512-gK7snhJcWVvTdiE6cCBAjeZ9od9Q8LmB5lEyB/3n6jMJOLn7EQ8Zvmkz8XPhnN5xB+b7QzCiqxJY3YiHrM3Jpg==",
			"dev": true
		},
		"esotericsoftware-spine": {
			"version": "github:olssonfredrik/esotericsoftware-spine#816cf4a8e7dd4409178e7ea7b77d97bbc6ea717d",
			"from": "github:olssonfredrik/esotericsoftware-spine#3.8.0",
			"dev": true
		},
		"gl-matrix": {
			"version": "2.8.1",
			"resolved": "https://registry.npmjs.org/gl-matrix/-/gl-matrix-2.8.1.tgz",
			"integrity": "sha512-0YCjVpE3pS5XWlN3J4X7AiAx65+nqAI54LndtVFnQZB6G/FVLkZH8y8V6R3cIoOQR4pUdfwQGd1iwyoXHJ4Qfw==",
			"dev": true
		},
		"howler": {
			"version": "2.1.3",
			"resolved": "https://registry.npmjs.org/howler/-/howler-2.1.3.tgz",
			"integrity": "sha512-PSGbOi1EYgw80C5UQbxtJM7TmzD+giJunIMBYyH3RVzHZx2fZLYBoes0SpVVHi/SFa1GoNtgXj/j6I7NOKYBxQ==",
			"dev": true
		},
		"tslib": {
			"version": "1.10.0",
			"resolved": "https://registry.npmjs.org/tslib/-/tslib-1.10.0.tgz",
			"integrity": "sha512-qOebF53frne81cf0S9B41ByenJ3/IuH8yJKngAX35CmiZySA0khhkovshKK+jGCaMnVomla7gVlIcc3EvKPbTQ==",
			"dev": true
		},
		"typescript": {
			"version": "3.8.3",
			"resolved": "https://registry.npmjs.org/typescript/-/typescript-3.8.3.tgz",
			"integrity": "sha512-MYlEfn5VrLNsgudQTVJeNaQFUAI7DkhnOjdpAp4T+ku1TfQClewlbSuTVHiA+8skNBgaf02TL/kLOvig4y3G8w==",
			"dev": true
		}
	}
}
